// !$*UTF8*$!
{
	archiveVersion = 1;
	classes = {
	};
	objectVersion = 46;
	objects = {

/* Begin PBXBuildFile section */
		284E5A661DD268AC00561E7E /* AppDelegate.swift in Sources */ = {isa = PBXBuildFile; fileRef = 284E5A651DD268AC00561E7E /* AppDelegate.swift */; };
		284E5A681DD268AC00561E7E /* ViewController.swift in Sources */ = {isa = PBXBuildFile; fileRef = 284E5A671DD268AC00561E7E /* ViewController.swift */; };
		284E5A6B1DD268AC00561E7E /* Main.storyboard in Resources */ = {isa = PBXBuildFile; fileRef = 284E5A691DD268AC00561E7E /* Main.storyboard */; };
		284E5A6D1DD268AC00561E7E /* Assets.xcassets in Resources */ = {isa = PBXBuildFile; fileRef = 284E5A6C1DD268AC00561E7E /* Assets.xcassets */; };
		284E5A701DD268AC00561E7E /* LaunchScreen.storyboard in Resources */ = {isa = PBXBuildFile; fileRef = 284E5A6E1DD268AC00561E7E /* LaunchScreen.storyboard */; };
/* End PBXBuildFile section */

/* Begin PBXFileReference section */
		284E5A621DD268AC00561E7E /* socialApp.app */ = {isa = PBXFileReference; explicitFileType = wrapper.application; includeInIndex = 0; path = socialApp.app; sourceTree = BUILT_PRODUCTS_DIR; };
		284E5A651DD268AC00561E7E /* AppDelegate.swift */ = {isa = PBXFileReference; lastKnownFileType = sourcecode.swift; path = AppDelegate.swift; sourceTree = "<group>"; };
		284E5A671DD268AC00561E7E /* ViewController.swift */ = {isa = PBXFileReference; lastKnownFileType = sourcecode.swift; path = ViewController.swift; sourceTree = "<group>"; };
		284E5A6A1DD268AC00561E7E /* Base */ = {isa = PBXFileReference; lastKnownFileType = file.storyboard; name = Base; path = Base.lproj/Main.storyboard; sourceTree = "<group>"; };
		284E5A6C1DD268AC00561E7E /* Assets.xcassets */ = {isa = PBXFileReference; lastKnownFileType = folder.assetcatalog; path = Assets.xcassets; sourceTree = "<group>"; };
		284E5A6F1DD268AC00561E7E /* Base */ = {isa = PBXFileReference; lastKnownFileType = file.storyboard; name = Base; path = Base.lproj/LaunchScreen.storyboard; sourceTree = "<group>"; };
		284E5A711DD268AC00561E7E /* Info.plist */ = {isa = PBXFileReference; lastKnownFileType = text.plist.xml; path = Info.plist; sourceTree = "<group>"; };
/* End PBXFileReference section */

/* Begin PBXFrameworksBuildPhase section */
		284E5A5F1DD268AC00561E7E /* Frameworks */ = {
			isa = PBXFrameworksBuildPhase;
			buildActionMask = 2147483647;
			files = (
			);
			runOnlyForDeploymentPostprocessing = 0;
		};
/* End PBXFrameworksBuildPhase section */

/* Begin PBXGroup section */
		284E5A591DD268AC00561E7E = {
			isa = PBXGroup;
			children = (
				284E5A641DD268AC00561E7E /* socialApp */,
				284E5A631DD268AC00561E7E /* Products */,
			);
			sourceTree = "<group>";
		};
		284E5A631DD268AC00561E7E /* Products */ = {
			isa = PBXGroup;
			children = (
				284E5A621DD268AC00561E7E /* socialApp.app */,
			);
			name = Products;
			sourceTree = "<group>";
		};
		284E5A641DD268AC00561E7E /* socialApp */ = {
			isa = PBXGroup;
			children = (
				284E5A651DD268AC00561E7E /* AppDelegate.swift */,
				284E5A671DD268AC00561E7E /* ViewController.swift */,
				284E5A691DD268AC00561E7E /* Main.storyboard */,
				284E5A6C1DD268AC00561E7E /* Assets.xcassets */,
				284E5A6E1DD268AC00561E7E /* LaunchScreen.storyboard */,
				284E5A711DD268AC00561E7E /* Info.plist */,
			);
			path = socialApp;
			sourceTree = "<group>";
		};
/* End PBXGroup section */

/* Begin PBXNativeTarget section */
		284E5A611DD268AC00561E7E /* socialApp */ = {
			isa = PBXNativeTarget;
			buildConfigurationList = 284E5A741DD268AC00561E7E /* Build configuration list for PBXNativeTarget "socialApp" */;
			buildPhases = (
				284E5A5E1DD268AC00561E7E /* Sources */,
				284E5A5F1DD268AC00561E7E /* Frameworks */,
				284E5A601DD268AC00561E7E /* Resources */,
			);
			buildRules = (
			);
			dependencies = (
			);
			name = socialApp;
			productName = socialApp;
			productReference = 284E5A621DD268AC00561E7E /* socialApp.app */;
			productType = "com.apple.product-type.application";
		};
/* End PBXNativeTarget section */

/* Begin PBXProject section */
		284E5A5A1DD268AC00561E7E /* Project object */ = {
			isa = PBXProject;
			attributes = {
				LastSwiftUpdateCheck = 0810;
				LastUpgradeCheck = 0810;
				ORGANIZATIONNAME = "Oleg Pavlichenkov";
				TargetAttributes = {
					284E5A611DD268AC00561E7E = {
						CreatedOnToolsVersion = 8.1;
						ProvisioningStyle = Automatic;
					};
				};
			};
			buildConfigurationList = 284E5A5D1DD268AC00561E7E /* Build configuration list for PBXProject "socialApp" */;
			compatibilityVersion = "Xcode 3.2";
			developmentRegion = English;
			hasScannedForEncodings = 0;
			knownRegions = (
				en,
				Base,
			);
			mainGroup = 284E5A591DD268AC00561E7E;
			productRefGroup = 284E5A631DD268AC00561E7E /* Products */;
			projectDirPath = "";
			projectRoot = "";
			targets = (
				284E5A611DD268AC00561E7E /* socialApp */,
			);
		};
/* End PBXProject section */

/* Begin PBXResourcesBuildPhase section */
		284E5A601DD268AC00561E7E /* Resources */ = {
			isa = PBXResourcesBuildPhase;
			buildActionMask = 2147483647;
			files = (
				284E5A701DD268AC00561E7E /* LaunchScreen.storyboard in Resources */,
				284E5A6D1DD268AC00561E7E /* Assets.xcassets in Resources */,
				284E5A6B1DD268AC00561E7E /* Main.storyboard in Resources */,
			);
			runOnlyForDeploymentPostprocessing = 0;
		};
/* End PBXResourcesBuildPhase section */

/* Begin PBXSourcesBuildPhase section */
		284E5A5E1DD268AC00561E7E /* Sources */ = {
			isa = PBXSourcesBuildPhase;
			buildActionMask = 2147483647;
			files = (
				284E5A681DD268AC00561E7E /* ViewController.swift in Sources */,
				284E5A661DD268AC00561E7E /* AppDelegate.swift in Sources */,
			);
			runOnlyForDeploymentPostprocessing = 0;
		};
/* End PBXSourcesBuildPhase section */

/* Begin PBXVariantGroup section */
		284E5A691DD268AC00561E7E /* Main.storyboard */ = {
			isa = PBXVariantGroup;
			children = (
				284E5A6A1DD268AC00561E7E /* Base */,
			);
			name = Main.storyboard;
			sourceTree = "<group>";
		};
		284E5A6E1DD268AC00561E7E /* LaunchScreen.storyboard */ = {
			isa = PBXVariantGroup;
			children = (
				284E5A6F1DD268AC00561E7E /* Base */,
			);
			name = LaunchScreen.storyboard;
			sourceTree = "<group>";
		};
/* End PBXVariantGroup section */

/* Begin XCBuildConfiguration section */
		284E5A721DD268AC00561E7E /* Debug */ = {
			isa = XCBuildConfiguration;
			buildSettings = {
				ALWAYS_SEARCH_USER_PATHS = NO;
				CLANG_ANALYZER_NONNULL = YES;
				CLANG_CXX_LANGUAGE_STANDARD = "gnu++0x";
				CLANG_CXX_LIBRARY = "libc++";
				CLANG_ENABLE_MODULES = YES;
				CLANG_ENABLE_OBJC_ARC = YES;
				CLANG_WARN_BOOL_CONVERSION = YES;
				CLANG_WARN_CONSTANT_CONVERSION = YES;
				CLANG_WARN_DIRECT_OBJC_ISA_USAGE = YES_ERROR;
				CLANG_WARN_DOCUMENTATION_COMMENTS = YES;
				CLANG_WARN_EMPTY_BODY = YES;
				CLANG_WARN_ENUM_CONVERSION = YES;
				CLANG_WARN_INFINITE_RECURSION = YES;
				CLANG_WARN_INT_CONVERSION = YES;
				CLANG_WARN_OBJC_ROOT_CLASS = YES_ERROR;
				CLANG_WARN_SUSPICIOUS_MOVES = YES;
				CLANG_WARN_UNREACHABLE_CODE = YES;
				CLANG_WARN__DUPLICATE_METHOD_MATCH = YES;
				"CODE_SIGN_IDENTITY[sdk=iphoneos*]" = "iPhone Developer";
				COPY_PHASE_STRIP = NO;
				DEBUG_INFORMATION_FORMAT = dwarf;
				ENABLE_STRICT_OBJC_MSGSEND = YES;
				ENABLE_TESTABILITY = YES;
				GCC_C_LANGUAGE_STANDARD = gnu99;
				GCC_DYNAMIC_NO_PIC = NO;
				GCC_NO_COMMON_BLOCKS = YES;
				GCC_OPTIMIZATION_LEVEL = 0;
				GCC_PREPROCESSOR_DEFINITIONS = (
					"DEBUG=1",
					"$(inherited)",
				);
				GCC_WARN_64_TO_32_BIT_CONVERSION = YES;
				GCC_WARN_ABOUT_RETURN_TYPE = YES_ERROR;
				GCC_WARN_UNDECLARED_SELECTOR = YES;
				GCC_WARN_UNINITIALIZED_AUTOS = YES_AGGRESSIVE;
				GCC_WARN_UNUSED_FUNCTION = YES;
				GCC_WARN_UNUSED_VARIABLE = YES;
				IPHONEOS_DEPLOYMENT_TARGET = 10.1;
				MTL_ENABLE_DEBUG_INFO = YES;
				ONLY_ACTIVE_ARCH = YES;
				SDKROOT = iphoneos;
				SWIFT_ACTIVE_COMPILATION_CONDITIONS = DEBUG;
				SWIFT_OPTIMIZATION_LEVEL = "-Onone";
			};
			name = Debug;
		};
		284E5A731DD268AC00561E7E /* Release */ = {
			isa = XCBuildConfiguration;
			buildSettings = {
				ALWAYS_SEARCH_USER_PATHS = NO;
				CLANG_ANALYZER_NONNULL = YES;
				CLANG_CXX_LANGUAGE_STANDARD = "gnu++0x";
				CLANG_CXX_LIBRARY = "libc++";
				CLANG_ENABLE_MODULES = YES;
				CLANG_ENABLE_OBJC_ARC = YES;
				CLANG_WARN_BOOL_CONVERSION = YES;
				CLANG_WARN_CONSTANT_CONVERSION = YES;
				CLANG_WARN_DIRECT_OBJC_ISA_USAGE = YES_ERROR;
				CLANG_WARN_DOCUMENTATION_COMMENTS = YES;
				CLANG_WARN_EMPTY_BODY = YES;
				CLANG_WARN_ENUM_CONVERSION = YES;
				CLANG_WARN_INFINITE_RECURSION = YES;
				CLANG_WARN_INT_CONVERSION = YES;
				CLANG_WARN_OBJC_ROOT_CLASS = YES_ERROR;
				CLANG_WARN_SUSPICIOUS_MOVES = YES;
				CLANG_WARN_UNREACHABLE_CODE = YES;
				CLANG_WARN__DUPLICATE_METHOD_MATCH = YES;
				"CODE_SIGN_IDENTITY[sdk=iphoneos*]" = "iPhone Developer";
				COPY_PHASE_STRIP = NO;
				DEBUG_INFORMATION_FORMAT = "dwarf-with-dsym";
				ENABLE_NS_ASSERTIONS = NO;
				ENABLE_STRICT_OBJC_MSGSEND = YES;
				GCC_C_LANGUAGE_STANDARD = gnu99;
				GCC_NO_COMMON_BLOCKS = YES;
				GCC_WARN_64_TO_32_BIT_CONVERSION = YES;
				GCC_WARN_ABOUT_RETURN_TYPE = YES_ERROR;
				GCC_WARN_UNDECLARED_SELECTOR = YES;
				GCC_WARN_UNINITIALIZED_AUTOS = YES_AGGRESSIVE;
				GCC_WARN_UNUSED_FUNCTION = YES;
				GCC_WARN_UNUSED_VARIABLE = YES;
				IPHONEOS_DEPLOYMENT_TARGET = 10.1;
				MTL_ENABLE_DEBUG_INFO = NO;
				SDKROOT = iphoneos;
				SWIFT_OPTIMIZATION_LEVEL = "-Owholemodule";
				VALIDATE_PRODUCT = YES;
			};
			name = Release;
		};
		284E5A751DD268AC00561E7E /* Debug */ = {
			isa = XCBuildConfiguration;
			buildSettings = {
				ASSETCATALOG_COMPILER_APPICON_NAME = AppIcon;
				INFOPLIST_FILE = socialApp/Info.plist;
				LD_RUNPATH_SEARCH_PATHS = "$(inherited) @executable_path/Frameworks";
				PRODUCT_BUNDLE_IDENTIFIER = "com.just-eng.socialApp";
				PRODUCT_NAME = "$(TARGET_NAME)";
				SWIFT_VERSION = 3.0;
			};
			name = Debug;
		};
		284E5A761DD268AC00561E7E /* Release */ = {
			isa = XCBuildConfiguration;
			buildSettings = {
				ASSETCATALOG_COMPILER_APPICON_NAME = AppIcon;
				INFOPLIST_FILE = socialApp/Info.plist;
				LD_RUNPATH_SEARCH_PATHS = "$(inherited) @executable_path/Frameworks";
				PRODUCT_BUNDLE_IDENTIFIER = "com.just-eng.socialApp";
				PRODUCT_NAME = "$(TARGET_NAME)";
				SWIFT_VERSION = 3.0;
			};
			name = Release;
		};
/* End XCBuildConfiguration section */

/* Begin XCConfigurationList section */
		284E5A5D1DD268AC00561E7E /* Build configuration list for PBXProject "socialApp" */ = {
			isa = XCConfigurationList;
			buildConfigurations = (
				284E5A721DD268AC00561E7E /* Debug */,
				284E5A731DD268AC00561E7E /* Release */,
			);
			defaultConfigurationIsVisible = 0;
			defaultConfigurationName = Release;
		};
		284E5A741DD268AC00561E7E /* Build configuration list for PBXNativeTarget "socialApp" */ = {
			isa = XCConfigurationList;
			buildConfigurations = (
				284E5A751DD268AC00561E7E /* Debug */,
				284E5A761DD268AC00561E7E /* Release */,
			);
			defaultConfigurationIsVisible = 0;
		};
/* End XCConfigurationList section */
	};
	rootObject = 284E5A5A1DD268AC00561E7E /* Project object */;
}
